[[package]]
name = "bitflags"
version = "1.0.1"
source = "registry+https://github.com/rust-lang/crates.io-index"

[[package]]
name = "csfml-audio-sys"
version = "0.4.0"
source = "registry+https://github.com/rust-lang/crates.io-index"
dependencies = [
 "csfml-system-sys 0.4.0 (registry+https://github.com/rust-lang/crates.io-index)",
 "sfml-build 0.2.0 (registry+https://github.com/rust-lang/crates.io-index)",
]

[[package]]
name = "csfml-graphics-sys"
version = "0.4.0"
source = "registry+https://github.com/rust-lang/crates.io-index"
dependencies = [
 "csfml-system-sys 0.4.0 (registry+https://github.com/rust-lang/crates.io-index)",
 "csfml-window-sys 0.4.0 (registry+https://github.com/rust-lang/crates.io-index)",
 "sfml-build 0.2.0 (registry+https://github.com/rust-lang/crates.io-index)",
]

[[package]]
name = "csfml-system-sys"
version = "0.4.0"
source = "registry+https://github.com/rust-lang/crates.io-index"
dependencies = [
 "sfml-build 0.2.0 (registry+https://github.com/rust-lang/crates.io-index)",
]

[[package]]
name = "csfml-window-sys"
version = "0.4.0"
source = "registry+https://github.com/rust-lang/crates.io-index"
dependencies = [
 "csfml-system-sys 0.4.0 (registry+https://github.com/rust-lang/crates.io-index)",
 "sfml-build 0.2.0 (registry+https://github.com/rust-lang/crates.io-index)",
]

[[package]]
name = "engine"
version = "0.1.0"
dependencies = [
 "csfml-graphics-sys 0.4.0 (registry+https://github.com/rust-lang/crates.io-index)",
 "noise 0.4.1 (registry+https://github.com/rust-lang/crates.io-index)",
 "num-traits 0.2.4 (registry+https://github.com/rust-lang/crates.io-index)",
 "sfml 0.14.0 (registry+https://github.com/rust-lang/crates.io-index)",
]

[[package]]
name = "fuchsia-zircon"
version = "0.3.3"
source = "registry+https://github.com/rust-lang/crates.io-index"
dependencies = [
 "bitflags 1.0.1 (registry+https://github.com/rust-lang/crates.io-index)",
 "fuchsia-zircon-sys 0.3.3 (registry+https://github.com/rust-lang/crates.io-index)",
]

[[package]]
name = "fuchsia-zircon-sys"
version = "0.3.3"
source = "registry+https://github.com/rust-lang/crates.io-index"

[[package]]
name = "libc"
version = "0.2.36"
source = "registry+https://github.com/rust-lang/crates.io-index"

[[package]]
name = "noise"
version = "0.4.1"
source = "registry+https://github.com/rust-lang/crates.io-index"
dependencies = [
 "num-traits 0.1.42 (registry+https://github.com/rust-lang/crates.io-index)",
 "rand 0.3.20 (registry+https://github.com/rust-lang/crates.io-index)",
]

[[package]]
name = "num-traits"
version = "0.1.42"
source = "registry+https://github.com/rust-lang/crates.io-index"

[[package]]
name = "num-traits"
version = "0.2.4"
source = "registry+https://github.com/rust-lang/crates.io-index"

[[package]]
name = "rand"
version = "0.3.20"
source = "registry+https://github.com/rust-lang/crates.io-index"
dependencies = [
 "fuchsia-zircon 0.3.3 (registry+https://github.com/rust-lang/crates.io-index)",
 "libc 0.2.36 (registry+https://github.com/rust-lang/crates.io-index)",
]

[[package]]
name = "sfml"
version = "0.14.0"
source = "registry+https://github.com/rust-lang/crates.io-index"
dependencies = [
 "bitflags 1.0.1 (registry+https://github.com/rust-lang/crates.io-index)",
 "csfml-audio-sys 0.4.0 (registry+https://github.com/rust-lang/crates.io-index)",
 "csfml-graphics-sys 0.4.0 (registry+https://github.com/rust-lang/crates.io-index)",
 "csfml-system-sys 0.4.0 (registry+https://github.com/rust-lang/crates.io-index)",
 "csfml-window-sys 0.4.0 (registry+https://github.com/rust-lang/crates.io-index)",
]

[[package]]
name = "sfml-build"
version = "0.2.0"
source = "registry+https://github.com/rust-lang/crates.io-index"

[[package]]
name = "virginia"
version = "0.1.0"
dependencies = [
 "engine 0.1.0",
 "sfml 0.14.0 (registry+https://github.com/rust-lang/crates.io-index)",
]

[metadata]
"checksum bitflags 1.0.1 (registry+https://github.com/rust-lang/crates.io-index)" = "b3c30d3802dfb7281680d6285f2ccdaa8c2d8fee41f93805dba5c4cf50dc23cf"
"checksum csfml-audio-sys 0.4.0 (registry+https://github.com/rust-lang/crates.io-index)" = "c3f55bfdd00e6ded8b4bbf62acfe7e62a493584a7b0774642dac59d822061aa4"
"checksum csfml-graphics-sys 0.4.0 (registry+https://github.com/rust-lang/crates.io-index)" = "d508c34b7376ca0450422ee11642b5aba43bde59673c822bb436e9fc126d8487"
"checksum csfml-system-sys 0.4.0 (registry+https://github.com/rust-lang/crates.io-index)" = "226869ac0651d7592d2fc0795f5e44101fbd7b22548d6cf6f0e0e74e54efa1fd"
"checksum csfml-window-sys 0.4.0 (registry+https://github.com/rust-lang/crates.io-index)" = "86fd0d9840a9f92ae0960cef634c1b5781b15847dbb099a9ee6021bb5c1cb618"
"checksum fuchsia-zircon 0.3.3 (registry+https://github.com/rust-lang/crates.io-index)" = "2e9763c69ebaae630ba35f74888db465e49e259ba1bc0eda7d06f4a067615d82"
"checksum fuchsia-zircon-sys 0.3.3 (registry+https://github.com/rust-lang/crates.io-index)" = "3dcaa9ae7725d12cdb85b3ad99a434db70b468c09ded17e012d86b5c1010f7a7"
"checksum libc 0.2.36 (registry+https://github.com/rust-lang/crates.io-index)" = "1e5d97d6708edaa407429faa671b942dc0f2727222fb6b6539bf1db936e4b121"
"checksum noise 0.4.1 (registry+https://github.com/rust-lang/crates.io-index)" = "77152bd10ae7b1dd2968c5dc7e4f4341ebe306bf8f48990c52fe1ae39a1d0033"
"checksum num-traits 0.1.42 (registry+https://github.com/rust-lang/crates.io-index)" = "9936036cc70fe4a8b2d338ab665900323290efb03983c86cbe235ae800ad8017"
"checksum num-traits 0.2.4 (registry+https://github.com/rust-lang/crates.io-index)" = "775393e285254d2f5004596d69bb8bc1149754570dcc08cf30cabeba67955e28"
"checksum rand 0.3.20 (registry+https://github.com/rust-lang/crates.io-index)" = "512870020642bb8c221bf68baa1b2573da814f6ccfe5c9699b1c303047abe9b1"
"checksum sfml 0.14.0 (registry+https://github.com/rust-lang/crates.io-index)" = "47b06f9db4d3f8b936d232d92bfbd6335060ae51ddcf1be2e79361aeb5c8fef1"
"checksum sfml-build 0.2.0 (registry+https://github.com/rust-lang/crates.io-index)" = "ff35ae173aff95bc967d1b4f0e131a8aec384c317fd057738da4b0f71c8cf841"
